
Microsoft Visual Studio Solution File, Format Version 12.00
# Visual Studio Version 16
VisualStudioVersion = 16.0.30611.23
MinimumVisualStudioVersion = 10.0.40219.1
Project("{9A19103F-16F7-4668-BE54-9A1E7A4F7556}") = "MSRewards", "MSRewards.csproj", "{0A0A6C88-9F3B-4310-A20A-9583FE020908}"
EndProject
Global
	GlobalSection(SolutionConfigurationPlatforms) = preSolution
		Debug|Any CPU = Debug|Any CPU
		Release|Any CPU = Release|Any CPU
	EndGlobalSection
	GlobalSection(ProjectConfigurationPlatforms) = postSolution
		{0A0A6C88-9F3B-4310-A20A-9583FE020908}.Debug|Any CPU.ActiveCfg = Debug|Any CPU
		{0A0A6C88-9F3B-4310-A20A-9583FE020908}.Debug|Any CPU.Build.0 = Debug|Any CPU
		{0A0A6C88-9F3B-4310-A20A-9583FE020908}.Release|Any CPU.ActiveCfg = Release|Any CPU
		{0A0A6C88-9F3B-4310-A20A-9583FE020908}.Release|Any CPU.Build.0 = Release|Any CPU
	EndGlobalSection
	GlobalSection(SolutionProperties) = preSolution
		HideSolutionNode = FALSE
	EndGlobalSection
	GlobalSection(ExtensibilityGlobals) = postSolution
		SolutionGuid = {F50AC7CD-C2FD-4B93-883E-B35B45690812}
	EndGlobalSection
EndGlobal
